PODS:
  - app_links (1.0.0):
    - FlutterMacOS
  - device_info_plus (0.0.1):
    - FlutterMacOS
  - dynamic_color (0.0.2):
    - FlutterMacOS
  - file_selector_macos (0.0.1):
    - FlutterMacOS
  - flutter_acrylic (0.1.0):
    - FlutterMacOS
  - FlutterMacOS (1.0.0)
  - path_provider_foundation (0.0.1):
    - Flutter
    - FlutterMacOS
  - screen_retriever_macos (0.0.1):
    - FlutterMacOS
  - share_plus (0.0.1):
    - FlutterMacOS
  - sqlite3 (3.50.4):
    - sqlite3/common (= 3.50.4)
  - sqlite3/common (3.50.4)
  - sqlite3/dbstatvtab (3.50.4):
    - sqlite3/common
  - sqlite3/fts5 (3.50.4):
    - sqlite3/common
  - sqlite3/math (3.50.4):
    - sqlite3/common
  - sqlite3/perf-threadsafe (3.50.4):
    - sqlite3/common
  - sqlite3/rtree (3.50.4):
    - sqlite3/common
  - sqlite3_flutter_libs (0.0.1):
    - Flutter
    - FlutterMacOS
    - sqlite3 (~> 3.50.1)
    - sqlite3/dbstatvtab
    - sqlite3/fts5
    - sqlite3/math
    - sqlite3/perf-threadsafe
    - sqlite3/rtree
  - url_launcher_macos (0.0.1):
    - FlutterMacOS
  - webview_flutter_wkwebview (0.0.1):
    - Flutter
    - FlutterMacOS
  - window_manager (0.5.0):
    - FlutterMacOS

DEPENDENCIES:
  - app_links (from `Flutter/ephemeral/.symlinks/plugins/app_links/macos`)
  - device_info_plus (from `Flutter/ephemeral/.symlinks/plugins/device_info_plus/macos`)
  - dynamic_color (from `Flutter/ephemeral/.symlinks/plugins/dynamic_color/macos`)
  - file_selector_macos (from `Flutter/ephemeral/.symlinks/plugins/file_selector_macos/macos`)
  - flutter_acrylic (from `Flutter/ephemeral/.symlinks/plugins/flutter_acrylic/macos`)
  - FlutterMacOS (from `Flutter/ephemeral`)
  - path_provider_foundation (from `Flutter/ephemeral/.symlinks/plugins/path_provider_foundation/darwin`)
  - screen_retriever_macos (from `Flutter/ephemeral/.symlinks/plugins/screen_retriever_macos/macos`)
  - share_plus (from `Flutter/ephemeral/.symlinks/plugins/share_plus/macos`)
  - sqlite3_flutter_libs (from `Flutter/ephemeral/.symlinks/plugins/sqlite3_flutter_libs/darwin`)
  - url_launcher_macos (from `Flutter/ephemeral/.symlinks/plugins/url_launcher_macos/macos`)
  - webview_flutter_wkwebview (from `Flutter/ephemeral/.symlinks/plugins/webview_flutter_wkwebview/darwin`)
  - window_manager (from `Flutter/ephemeral/.symlinks/plugins/window_manager/macos`)

SPEC REPOS:
  trunk:
    - sqlite3

EXTERNAL SOURCES:
  app_links:
    :path: Flutter/ephemeral/.symlinks/plugins/app_links/macos
  device_info_plus:
    :path: Flutter/ephemeral/.symlinks/plugins/device_info_plus/macos
  dynamic_color:
    :path: Flutter/ephemeral/.symlinks/plugins/dynamic_color/macos
  file_selector_macos:
    :path: Flutter/ephemeral/.symlinks/plugins/file_selector_macos/macos
  flutter_acrylic:
    :path: Flutter/ephemeral/.symlinks/plugins/flutter_acrylic/macos
  FlutterMacOS:
    :path: Flutter/ephemeral
  path_provider_foundation:
    :path: Flutter/ephemeral/.symlinks/plugins/path_provider_foundation/darwin
  screen_retriever_macos:
    :path: Flutter/ephemeral/.symlinks/plugins/screen_retriever_macos/macos
  share_plus:
    :path: Flutter/ephemeral/.symlinks/plugins/share_plus/macos
  sqlite3_flutter_libs:
    :path: Flutter/ephemeral/.symlinks/plugins/sqlite3_flutter_libs/darwin
  url_launcher_macos:
    :path: Flutter/ephemeral/.symlinks/plugins/url_launcher_macos/macos
  webview_flutter_wkwebview:
    :path: Flutter/ephemeral/.symlinks/plugins/webview_flutter_wkwebview/darwin
  window_manager:
    :path: Flutter/ephemeral/.symlinks/plugins/window_manager/macos

SPEC CHECKSUMS:
  app_links: afe860c55c7ef176cea7fb630a2b7d7736de591d
  device_info_plus: 4fb280989f669696856f8b129e4a5e3cd6c48f76
  dynamic_color: b820c000cc68df65e7ba7ff177cb98404ce56651
  file_selector_macos: 6280b52b459ae6c590af5d78fc35c7267a3c4b31
  flutter_acrylic: 2ebd6cfa7c742b4236634acbd8f15c1aed7e8e12
  FlutterMacOS: d0db08ddef1a9af05a5ec4b724367152bb0500b1
  path_provider_foundation: 080d55be775b7414fd5a5ef3ac137b97b097e564
  screen_retriever_macos: 452e51764a9e1cdb74b3c541238795849f21557f
  share_plus: 510bf0af1a42cd602274b4629920c9649c52f4cc
  sqlite3: 73513155ec6979715d3904ef53a8d68892d4032b
  sqlite3_flutter_libs: e7fc8c9ea2200ff3271f08f127842131746b70e2
  url_launcher_macos: 0fba8ddabfc33ce0a9afe7c5fef5aab3d8d2d673
  webview_flutter_wkwebview: 1821ceac936eba6f7984d89a9f3bcb4dea99ebb2
  window_manager: b729e31d38fb04905235df9ea896128991cad99e

PODFILE CHECKSUM: 6554a227f1a7c633b100edf38d1da3e82472dc94

COCOAPODS: 1.16.2
